
Microsoft Visual Studio Solution File, Format Version 12.00
# Visual Studio Version 16
VisualStudioVersion = 16.0.30330.147
MinimumVisualStudioVersion = 10.0.40219.1
Project("{FAE04EC0-301F-11D3-BF4B-00C04F79EFBC}") = "HealthCheck.Web", "HealthCheck.Web\HealthCheck.Web.csproj", "{11948A6A-DE79-48C9-A064-4AE6483C09AA}"
EndProject
Project("{FAE04EC0-301F-11D3-BF4B-00C04F79EFBC}") = "HealthCheck.Models", "HealthCheck.Models\HealthCheck.Models.csproj", "{E7C82122-C090-4393-BAAC-1D93CA2E63BB}"
EndProject
Project("{FAE04EC0-301F-11D3-BF4B-00C04F79EFBC}") = "HealthCheck.Services", "HealthCheck.Services\HealthCheck.Services.csproj", "{45AD3F13-F885-4682-B026-D4C4E9717958}"
EndProject
Project("{FAE04EC0-301F-11D3-BF4B-00C04F79EFBC}") = "HealthCheck.Database", "HealthCheck.Database\HealthCheck.Database.csproj", "{8A85D2FF-E45B-4E67-8D93-CCD52CBEE64F}"
EndProject
Global
	GlobalSection(SolutionConfigurationPlatforms) = preSolution
		Debug|Any CPU = Debug|Any CPU
		Release|Any CPU = Release|Any CPU
	EndGlobalSection
	GlobalSection(ProjectConfigurationPlatforms) = postSolution
		{11948A6A-DE79-48C9-A064-4AE6483C09AA}.Debug|Any CPU.ActiveCfg = Debug|Any CPU
		{11948A6A-DE79-48C9-A064-4AE6483C09AA}.Debug|Any CPU.Build.0 = Debug|Any CPU
		{11948A6A-DE79-48C9-A064-4AE6483C09AA}.Release|Any CPU.ActiveCfg = Release|Any CPU
		{11948A6A-DE79-48C9-A064-4AE6483C09AA}.Release|Any CPU.Build.0 = Release|Any CPU
		{E7C82122-C090-4393-BAAC-1D93CA2E63BB}.Debug|Any CPU.ActiveCfg = Debug|Any CPU
		{E7C82122-C090-4393-BAAC-1D93CA2E63BB}.Debug|Any CPU.Build.0 = Debug|Any CPU
		{E7C82122-C090-4393-BAAC-1D93CA2E63BB}.Release|Any CPU.ActiveCfg = Release|Any CPU
		{E7C82122-C090-4393-BAAC-1D93CA2E63BB}.Release|Any CPU.Build.0 = Release|Any CPU
		{45AD3F13-F885-4682-B026-D4C4E9717958}.Debug|Any CPU.ActiveCfg = Debug|Any CPU
		{45AD3F13-F885-4682-B026-D4C4E9717958}.Debug|Any CPU.Build.0 = Debug|Any CPU
		{45AD3F13-F885-4682-B026-D4C4E9717958}.Release|Any CPU.ActiveCfg = Release|Any CPU
		{45AD3F13-F885-4682-B026-D4C4E9717958}.Release|Any CPU.Build.0 = Release|Any CPU
		{8A85D2FF-E45B-4E67-8D93-CCD52CBEE64F}.Debug|Any CPU.ActiveCfg = Debug|Any CPU
		{8A85D2FF-E45B-4E67-8D93-CCD52CBEE64F}.Debug|Any CPU.Build.0 = Debug|Any CPU
		{8A85D2FF-E45B-4E67-8D93-CCD52CBEE64F}.Release|Any CPU.ActiveCfg = Release|Any CPU
		{8A85D2FF-E45B-4E67-8D93-CCD52CBEE64F}.Release|Any CPU.Build.0 = Release|Any CPU
	EndGlobalSection
	GlobalSection(SolutionProperties) = preSolution
		HideSolutionNode = FALSE
	EndGlobalSection
	GlobalSection(ExtensibilityGlobals) = postSolution
		SolutionGuid = {2C5C9E2B-94A0-44DC-A607-1C8EE6FBDC7B}
	EndGlobalSection
EndGlobal
